
Microsoft Visual Studio Solution File, Format Version 12.00
# Visual Studio Version 16
VisualStudioVersion = 16.0.31205.134
MinimumVisualStudioVersion = 10.0.40219.1
Project("{2150E333-8FDC-42A3-9474-1A3956D46DE8}") = "Warmup", "Warmup", "{66665DC4-0E8D-4721-9746-41A5E51CAE72}"
EndProject
Project("{FAE04EC0-301F-11D3-BF4B-00C04F79EFBC}") = "SolveMeFirst", "ClassLibrary1\SolveMeFirst.csproj", "{35E1F3A4-078F-447E-8451-07F04A34E5DC}"
EndProject
Project("{FAE04EC0-301F-11D3-BF4B-00C04F79EFBC}") = "SimpleArraySum", "SimpleArraySum\SimpleArraySum.csproj", "{3D8DD2B0-93DA-4663-81E7-6D462665A014}"
EndProject
Project("{FAE04EC0-301F-11D3-BF4B-00C04F79EFBC}") = "ComparetheTriplets", "ComparetheTriplets\ComparetheTriplets.csproj", "{A75C7BBA-768A-49AD-B363-8771D67A6D27}"
EndProject
Project("{FAE04EC0-301F-11D3-BF4B-00C04F79EFBC}") = "AVeryBigSum", "AVeryBigSum\AVeryBigSum.csproj", "{867DC209-B9F1-4BB9-BA38-E6444FD93919}"
EndProject
Project("{2150E333-8FDC-42A3-9474-1A3956D46DE8}") = "Algorithms", "Algorithms", "{41936B1C-86CD-4526-B7B6-F796CD613496}"
EndProject
Project("{FAE04EC0-301F-11D3-BF4B-00C04F79EFBC}") = "PlusMinus", "PlusMinus\PlusMinus.csproj", "{B2E43869-7E05-410F-892B-3E1423F7E91D}"
EndProject
Project("{FAE04EC0-301F-11D3-BF4B-00C04F79EFBC}") = "MiniMaxSum", "MiniMaxSum\MiniMaxSum.csproj", "{426C93B5-D262-4185-9AE5-0E9C6ACBC79E}"
EndProject
Project("{FAE04EC0-301F-11D3-BF4B-00C04F79EFBC}") = "BirthdayCakeCandles", "BirthdayCakeCandles\BirthdayCakeCandles.csproj", "{7BB408B2-472C-4130-B824-0AA6EDE4DE47}"
EndProject
Global
	GlobalSection(SolutionConfigurationPlatforms) = preSolution
		Debug|Any CPU = Debug|Any CPU
		Release|Any CPU = Release|Any CPU
	EndGlobalSection
	GlobalSection(ProjectConfigurationPlatforms) = postSolution
		{35E1F3A4-078F-447E-8451-07F04A34E5DC}.Debug|Any CPU.ActiveCfg = Debug|Any CPU
		{35E1F3A4-078F-447E-8451-07F04A34E5DC}.Debug|Any CPU.Build.0 = Debug|Any CPU
		{35E1F3A4-078F-447E-8451-07F04A34E5DC}.Release|Any CPU.ActiveCfg = Release|Any CPU
		{35E1F3A4-078F-447E-8451-07F04A34E5DC}.Release|Any CPU.Build.0 = Release|Any CPU
		{3D8DD2B0-93DA-4663-81E7-6D462665A014}.Debug|Any CPU.ActiveCfg = Debug|Any CPU
		{3D8DD2B0-93DA-4663-81E7-6D462665A014}.Debug|Any CPU.Build.0 = Debug|Any CPU
		{3D8DD2B0-93DA-4663-81E7-6D462665A014}.Release|Any CPU.ActiveCfg = Release|Any CPU
		{3D8DD2B0-93DA-4663-81E7-6D462665A014}.Release|Any CPU.Build.0 = Release|Any CPU
		{A75C7BBA-768A-49AD-B363-8771D67A6D27}.Debug|Any CPU.ActiveCfg = Debug|Any CPU
		{A75C7BBA-768A-49AD-B363-8771D67A6D27}.Debug|Any CPU.Build.0 = Debug|Any CPU
		{A75C7BBA-768A-49AD-B363-8771D67A6D27}.Release|Any CPU.ActiveCfg = Release|Any CPU
		{A75C7BBA-768A-49AD-B363-8771D67A6D27}.Release|Any CPU.Build.0 = Release|Any CPU
		{867DC209-B9F1-4BB9-BA38-E6444FD93919}.Debug|Any CPU.ActiveCfg = Debug|Any CPU
		{867DC209-B9F1-4BB9-BA38-E6444FD93919}.Debug|Any CPU.Build.0 = Debug|Any CPU
		{867DC209-B9F1-4BB9-BA38-E6444FD93919}.Release|Any CPU.ActiveCfg = Release|Any CPU
		{867DC209-B9F1-4BB9-BA38-E6444FD93919}.Release|Any CPU.Build.0 = Release|Any CPU
		{B2E43869-7E05-410F-892B-3E1423F7E91D}.Debug|Any CPU.ActiveCfg = Debug|Any CPU
		{B2E43869-7E05-410F-892B-3E1423F7E91D}.Debug|Any CPU.Build.0 = Debug|Any CPU
		{B2E43869-7E05-410F-892B-3E1423F7E91D}.Release|Any CPU.ActiveCfg = Release|Any CPU
		{B2E43869-7E05-410F-892B-3E1423F7E91D}.Release|Any CPU.Build.0 = Release|Any CPU
		{426C93B5-D262-4185-9AE5-0E9C6ACBC79E}.Debug|Any CPU.ActiveCfg = Debug|Any CPU
		{426C93B5-D262-4185-9AE5-0E9C6ACBC79E}.Debug|Any CPU.Build.0 = Debug|Any CPU
		{426C93B5-D262-4185-9AE5-0E9C6ACBC79E}.Release|Any CPU.ActiveCfg = Release|Any CPU
		{426C93B5-D262-4185-9AE5-0E9C6ACBC79E}.Release|Any CPU.Build.0 = Release|Any CPU
		{7BB408B2-472C-4130-B824-0AA6EDE4DE47}.Debug|Any CPU.ActiveCfg = Debug|Any CPU
		{7BB408B2-472C-4130-B824-0AA6EDE4DE47}.Debug|Any CPU.Build.0 = Debug|Any CPU
		{7BB408B2-472C-4130-B824-0AA6EDE4DE47}.Release|Any CPU.ActiveCfg = Release|Any CPU
		{7BB408B2-472C-4130-B824-0AA6EDE4DE47}.Release|Any CPU.Build.0 = Release|Any CPU
	EndGlobalSection
	GlobalSection(SolutionProperties) = preSolution
		HideSolutionNode = FALSE
	EndGlobalSection
	GlobalSection(NestedProjects) = preSolution
		{66665DC4-0E8D-4721-9746-41A5E51CAE72} = {41936B1C-86CD-4526-B7B6-F796CD613496}
		{35E1F3A4-078F-447E-8451-07F04A34E5DC} = {66665DC4-0E8D-4721-9746-41A5E51CAE72}
		{3D8DD2B0-93DA-4663-81E7-6D462665A014} = {66665DC4-0E8D-4721-9746-41A5E51CAE72}
		{A75C7BBA-768A-49AD-B363-8771D67A6D27} = {66665DC4-0E8D-4721-9746-41A5E51CAE72}
		{867DC209-B9F1-4BB9-BA38-E6444FD93919} = {66665DC4-0E8D-4721-9746-41A5E51CAE72}
		{B2E43869-7E05-410F-892B-3E1423F7E91D} = {66665DC4-0E8D-4721-9746-41A5E51CAE72}
		{426C93B5-D262-4185-9AE5-0E9C6ACBC79E} = {66665DC4-0E8D-4721-9746-41A5E51CAE72}
		{7BB408B2-472C-4130-B824-0AA6EDE4DE47} = {66665DC4-0E8D-4721-9746-41A5E51CAE72}
	EndGlobalSection
	GlobalSection(ExtensibilityGlobals) = postSolution
		SolutionGuid = {DD95BEC4-45A8-4913-82B4-70F02335BB2F}
	EndGlobalSection
EndGlobal
